
Microsoft Visual Studio Solution File, Format Version 12.00
# Visual Studio 15
VisualStudioVersion = 15.0.26124.0
MinimumVisualStudioVersion = 15.0.26124.0
Project("{FAE04EC0-301F-11D3-BF4B-00C04F79EFBC}") = "Tests.BroadbandDeals.WebApi", "Tests.BroadbandDeals.WebApi\Tests.BroadbandDeals.WebApi.csproj", "{0008CCE8-8E70-4D71-A077-F0F5996B16D6}"
EndProject
Project("{FAE04EC0-301F-11D3-BF4B-00C04F79EFBC}") = "Tests.BroadbandDeals.WebApi.Tests", "Tests.BroadbandDeals.WebApi.Tests\Tests.BroadbandDeals.WebApi.Tests.csproj", "{923BAFE9-CB53-4B2F-BE10-1188ED95E3F4}"
EndProject
Project("{FAE04EC0-301F-11D3-BF4B-00C04F79EFBC}") = "Tests.BroadbandDeals.Core", "Tests.BroadbandDeals.Core\Tests.BroadbandDeals.Core.csproj", "{D8B5FEE4-F5F8-4785-9BD0-4E22D10DC090}"
EndProject
Project("{FAE04EC0-301F-11D3-BF4B-00C04F79EFBC}") = "Tests.BroadbandDeals.Core.Tests", "Tests.BroadbandDeals.Core.Tests\Tests.BroadbandDeals.Core.Tests.csproj", "{8DFA9063-8932-45DD-8194-8D953B01D897}"
EndProject
Global
	GlobalSection(SolutionConfigurationPlatforms) = preSolution
		Debug|Any CPU = Debug|Any CPU
		Debug|x64 = Debug|x64
		Debug|x86 = Debug|x86
		Release|Any CPU = Release|Any CPU
		Release|x64 = Release|x64
		Release|x86 = Release|x86
	EndGlobalSection
	GlobalSection(SolutionProperties) = preSolution
		HideSolutionNode = FALSE
	EndGlobalSection
	GlobalSection(ProjectConfigurationPlatforms) = postSolution
		{0008CCE8-8E70-4D71-A077-F0F5996B16D6}.Debug|Any CPU.ActiveCfg = Debug|Any CPU
		{0008CCE8-8E70-4D71-A077-F0F5996B16D6}.Debug|Any CPU.Build.0 = Debug|Any CPU
		{0008CCE8-8E70-4D71-A077-F0F5996B16D6}.Debug|x64.ActiveCfg = Debug|x64
		{0008CCE8-8E70-4D71-A077-F0F5996B16D6}.Debug|x64.Build.0 = Debug|x64
		{0008CCE8-8E70-4D71-A077-F0F5996B16D6}.Debug|x86.ActiveCfg = Debug|x86
		{0008CCE8-8E70-4D71-A077-F0F5996B16D6}.Debug|x86.Build.0 = Debug|x86
		{0008CCE8-8E70-4D71-A077-F0F5996B16D6}.Release|Any CPU.ActiveCfg = Release|Any CPU
		{0008CCE8-8E70-4D71-A077-F0F5996B16D6}.Release|Any CPU.Build.0 = Release|Any CPU
		{0008CCE8-8E70-4D71-A077-F0F5996B16D6}.Release|x64.ActiveCfg = Release|x64
		{0008CCE8-8E70-4D71-A077-F0F5996B16D6}.Release|x64.Build.0 = Release|x64
		{0008CCE8-8E70-4D71-A077-F0F5996B16D6}.Release|x86.ActiveCfg = Release|x86
		{0008CCE8-8E70-4D71-A077-F0F5996B16D6}.Release|x86.Build.0 = Release|x86
		{923BAFE9-CB53-4B2F-BE10-1188ED95E3F4}.Debug|Any CPU.ActiveCfg = Debug|Any CPU
		{923BAFE9-CB53-4B2F-BE10-1188ED95E3F4}.Debug|Any CPU.Build.0 = Debug|Any CPU
		{923BAFE9-CB53-4B2F-BE10-1188ED95E3F4}.Debug|x64.ActiveCfg = Debug|x64
		{923BAFE9-CB53-4B2F-BE10-1188ED95E3F4}.Debug|x64.Build.0 = Debug|x64
		{923BAFE9-CB53-4B2F-BE10-1188ED95E3F4}.Debug|x86.ActiveCfg = Debug|x86
		{923BAFE9-CB53-4B2F-BE10-1188ED95E3F4}.Debug|x86.Build.0 = Debug|x86
		{923BAFE9-CB53-4B2F-BE10-1188ED95E3F4}.Release|Any CPU.ActiveCfg = Release|Any CPU
		{923BAFE9-CB53-4B2F-BE10-1188ED95E3F4}.Release|Any CPU.Build.0 = Release|Any CPU
		{923BAFE9-CB53-4B2F-BE10-1188ED95E3F4}.Release|x64.ActiveCfg = Release|x64
		{923BAFE9-CB53-4B2F-BE10-1188ED95E3F4}.Release|x64.Build.0 = Release|x64
		{923BAFE9-CB53-4B2F-BE10-1188ED95E3F4}.Release|x86.ActiveCfg = Release|x86
		{923BAFE9-CB53-4B2F-BE10-1188ED95E3F4}.Release|x86.Build.0 = Release|x86
		{D8B5FEE4-F5F8-4785-9BD0-4E22D10DC090}.Debug|Any CPU.ActiveCfg = Debug|Any CPU
		{D8B5FEE4-F5F8-4785-9BD0-4E22D10DC090}.Debug|Any CPU.Build.0 = Debug|Any CPU
		{D8B5FEE4-F5F8-4785-9BD0-4E22D10DC090}.Debug|x64.ActiveCfg = Debug|x64
		{D8B5FEE4-F5F8-4785-9BD0-4E22D10DC090}.Debug|x64.Build.0 = Debug|x64
		{D8B5FEE4-F5F8-4785-9BD0-4E22D10DC090}.Debug|x86.ActiveCfg = Debug|x86
		{D8B5FEE4-F5F8-4785-9BD0-4E22D10DC090}.Debug|x86.Build.0 = Debug|x86
		{D8B5FEE4-F5F8-4785-9BD0-4E22D10DC090}.Release|Any CPU.ActiveCfg = Release|Any CPU
		{D8B5FEE4-F5F8-4785-9BD0-4E22D10DC090}.Release|Any CPU.Build.0 = Release|Any CPU
		{D8B5FEE4-F5F8-4785-9BD0-4E22D10DC090}.Release|x64.ActiveCfg = Release|x64
		{D8B5FEE4-F5F8-4785-9BD0-4E22D10DC090}.Release|x64.Build.0 = Release|x64
		{D8B5FEE4-F5F8-4785-9BD0-4E22D10DC090}.Release|x86.ActiveCfg = Release|x86
		{D8B5FEE4-F5F8-4785-9BD0-4E22D10DC090}.Release|x86.Build.0 = Release|x86
		{8DFA9063-8932-45DD-8194-8D953B01D897}.Debug|Any CPU.ActiveCfg = Debug|Any CPU
		{8DFA9063-8932-45DD-8194-8D953B01D897}.Debug|Any CPU.Build.0 = Debug|Any CPU
		{8DFA9063-8932-45DD-8194-8D953B01D897}.Debug|x64.ActiveCfg = Debug|x64
		{8DFA9063-8932-45DD-8194-8D953B01D897}.Debug|x64.Build.0 = Debug|x64
		{8DFA9063-8932-45DD-8194-8D953B01D897}.Debug|x86.ActiveCfg = Debug|x86
		{8DFA9063-8932-45DD-8194-8D953B01D897}.Debug|x86.Build.0 = Debug|x86
		{8DFA9063-8932-45DD-8194-8D953B01D897}.Release|Any CPU.ActiveCfg = Release|Any CPU
		{8DFA9063-8932-45DD-8194-8D953B01D897}.Release|Any CPU.Build.0 = Release|Any CPU
		{8DFA9063-8932-45DD-8194-8D953B01D897}.Release|x64.ActiveCfg = Release|x64
		{8DFA9063-8932-45DD-8194-8D953B01D897}.Release|x64.Build.0 = Release|x64
		{8DFA9063-8932-45DD-8194-8D953B01D897}.Release|x86.ActiveCfg = Release|x86
		{8DFA9063-8932-45DD-8194-8D953B01D897}.Release|x86.Build.0 = Release|x86
	EndGlobalSection
EndGlobal
